
Microsoft Visual Studio Solution File, Format Version 12.00
# Visual Studio Version 17
VisualStudioVersion = 17.0.31903.59
MinimumVisualStudioVersion = 10.0.40219.1
Project("{2150E333-8FDC-42A3-9474-1A3956D46DE8}") = "Source", "Source", "{B8EFCA5F-814F-285C-A8CB-F00F14650265}"
EndProject
Project("{2150E333-8FDC-42A3-9474-1A3956D46DE8}") = "Libraries", "Libraries", "{B95409F0-FD8B-5589-5675-5F92F2CDFCEB}"
EndProject
Project("{FAE04EC0-301F-11D3-BF4B-00C04F79EFBC}") = "Core", "Source\Libraries\Core\Core.csproj", "{5720CFCA-C98B-4278-82F4-322EB149F5DF}"
EndProject
Project("{FAE04EC0-301F-11D3-BF4B-00C04F79EFBC}") = "Application", "Source\Libraries\Application\Application.csproj", "{9D51A9DC-D962-4B97-908B-7EEDA1BA9B8B}"
EndProject
Project("{FAE04EC0-301F-11D3-BF4B-00C04F79EFBC}") = "Infrastructure", "Source\Libraries\Infrastructure\Infrastructure.csproj", "{F015702C-1482-4526-B75B-DCABA615F5C5}"
EndProject
Project("{2150E333-8FDC-42A3-9474-1A3956D46DE8}") = "Apps", "Apps", "{201B9398-7CDD-D1F4-20D0-4B450101E3A9}"
EndProject
Project("{FAE04EC0-301F-11D3-BF4B-00C04F79EFBC}") = "AlumniBackendServices", "Source\Apps\AlumniBackendServices\AlumniBackendServices.csproj", "{D85B62B7-0554-4C8D-B821-7F6920595254}"
EndProject
Project("{FAE04EC0-301F-11D3-BF4B-00C04F79EFBC}") = "ProxyApp", "Source\Apps\ProxyApp\ProxyApp.csproj", "{225010C3-9390-4FEF-BADF-47F7550E3E6C}"
EndProject
Project("{FAE04EC0-301F-11D3-BF4B-00C04F79EFBC}") = "AppHost", "Source\Apps\AppHost\AppHost.csproj", "{299830AF-9048-47F5-9307-A6C9C868327A}"
EndProject
Global
	GlobalSection(SolutionConfigurationPlatforms) = preSolution
		Debug|Any CPU = Debug|Any CPU
		Debug|x64 = Debug|x64
		Debug|x86 = Debug|x86
		Release|Any CPU = Release|Any CPU
		Release|x64 = Release|x64
		Release|x86 = Release|x86
	EndGlobalSection
	GlobalSection(ProjectConfigurationPlatforms) = postSolution
		{5720CFCA-C98B-4278-82F4-322EB149F5DF}.Debug|Any CPU.ActiveCfg = Debug|Any CPU
		{5720CFCA-C98B-4278-82F4-322EB149F5DF}.Debug|Any CPU.Build.0 = Debug|Any CPU
		{5720CFCA-C98B-4278-82F4-322EB149F5DF}.Debug|x64.ActiveCfg = Debug|Any CPU
		{5720CFCA-C98B-4278-82F4-322EB149F5DF}.Debug|x64.Build.0 = Debug|Any CPU
		{5720CFCA-C98B-4278-82F4-322EB149F5DF}.Debug|x86.ActiveCfg = Debug|Any CPU
		{5720CFCA-C98B-4278-82F4-322EB149F5DF}.Debug|x86.Build.0 = Debug|Any CPU
		{5720CFCA-C98B-4278-82F4-322EB149F5DF}.Release|Any CPU.ActiveCfg = Release|Any CPU
		{5720CFCA-C98B-4278-82F4-322EB149F5DF}.Release|Any CPU.Build.0 = Release|Any CPU
		{5720CFCA-C98B-4278-82F4-322EB149F5DF}.Release|x64.ActiveCfg = Release|Any CPU
		{5720CFCA-C98B-4278-82F4-322EB149F5DF}.Release|x64.Build.0 = Release|Any CPU
		{5720CFCA-C98B-4278-82F4-322EB149F5DF}.Release|x86.ActiveCfg = Release|Any CPU
		{5720CFCA-C98B-4278-82F4-322EB149F5DF}.Release|x86.Build.0 = Release|Any CPU
		{9D51A9DC-D962-4B97-908B-7EEDA1BA9B8B}.Debug|Any CPU.ActiveCfg = Debug|Any CPU
		{9D51A9DC-D962-4B97-908B-7EEDA1BA9B8B}.Debug|Any CPU.Build.0 = Debug|Any CPU
		{9D51A9DC-D962-4B97-908B-7EEDA1BA9B8B}.Debug|x64.ActiveCfg = Debug|Any CPU
		{9D51A9DC-D962-4B97-908B-7EEDA1BA9B8B}.Debug|x64.Build.0 = Debug|Any CPU
		{9D51A9DC-D962-4B97-908B-7EEDA1BA9B8B}.Debug|x86.ActiveCfg = Debug|Any CPU
		{9D51A9DC-D962-4B97-908B-7EEDA1BA9B8B}.Debug|x86.Build.0 = Debug|Any CPU
		{9D51A9DC-D962-4B97-908B-7EEDA1BA9B8B}.Release|Any CPU.ActiveCfg = Release|Any CPU
		{9D51A9DC-D962-4B97-908B-7EEDA1BA9B8B}.Release|Any CPU.Build.0 = Release|Any CPU
		{9D51A9DC-D962-4B97-908B-7EEDA1BA9B8B}.Release|x64.ActiveCfg = Release|Any CPU
		{9D51A9DC-D962-4B97-908B-7EEDA1BA9B8B}.Release|x64.Build.0 = Release|Any CPU
		{9D51A9DC-D962-4B97-908B-7EEDA1BA9B8B}.Release|x86.ActiveCfg = Release|Any CPU
		{9D51A9DC-D962-4B97-908B-7EEDA1BA9B8B}.Release|x86.Build.0 = Release|Any CPU
		{F015702C-1482-4526-B75B-DCABA615F5C5}.Debug|Any CPU.ActiveCfg = Debug|Any CPU
		{F015702C-1482-4526-B75B-DCABA615F5C5}.Debug|Any CPU.Build.0 = Debug|Any CPU
		{F015702C-1482-4526-B75B-DCABA615F5C5}.Debug|x64.ActiveCfg = Debug|Any CPU
		{F015702C-1482-4526-B75B-DCABA615F5C5}.Debug|x64.Build.0 = Debug|Any CPU
		{F015702C-1482-4526-B75B-DCABA615F5C5}.Debug|x86.ActiveCfg = Debug|Any CPU
		{F015702C-1482-4526-B75B-DCABA615F5C5}.Debug|x86.Build.0 = Debug|Any CPU
		{F015702C-1482-4526-B75B-DCABA615F5C5}.Release|Any CPU.ActiveCfg = Release|Any CPU
		{F015702C-1482-4526-B75B-DCABA615F5C5}.Release|Any CPU.Build.0 = Release|Any CPU
		{F015702C-1482-4526-B75B-DCABA615F5C5}.Release|x64.ActiveCfg = Release|Any CPU
		{F015702C-1482-4526-B75B-DCABA615F5C5}.Release|x64.Build.0 = Release|Any CPU
		{F015702C-1482-4526-B75B-DCABA615F5C5}.Release|x86.ActiveCfg = Release|Any CPU
		{F015702C-1482-4526-B75B-DCABA615F5C5}.Release|x86.Build.0 = Release|Any CPU
		{D85B62B7-0554-4C8D-B821-7F6920595254}.Debug|Any CPU.ActiveCfg = Debug|Any CPU
		{D85B62B7-0554-4C8D-B821-7F6920595254}.Debug|Any CPU.Build.0 = Debug|Any CPU
		{D85B62B7-0554-4C8D-B821-7F6920595254}.Debug|x64.ActiveCfg = Debug|Any CPU
		{D85B62B7-0554-4C8D-B821-7F6920595254}.Debug|x64.Build.0 = Debug|Any CPU
		{D85B62B7-0554-4C8D-B821-7F6920595254}.Debug|x86.ActiveCfg = Debug|Any CPU
		{D85B62B7-0554-4C8D-B821-7F6920595254}.Debug|x86.Build.0 = Debug|Any CPU
		{D85B62B7-0554-4C8D-B821-7F6920595254}.Release|Any CPU.ActiveCfg = Release|Any CPU
		{D85B62B7-0554-4C8D-B821-7F6920595254}.Release|Any CPU.Build.0 = Release|Any CPU
		{D85B62B7-0554-4C8D-B821-7F6920595254}.Release|x64.ActiveCfg = Release|Any CPU
		{D85B62B7-0554-4C8D-B821-7F6920595254}.Release|x64.Build.0 = Release|Any CPU
		{D85B62B7-0554-4C8D-B821-7F6920595254}.Release|x86.ActiveCfg = Release|Any CPU
		{D85B62B7-0554-4C8D-B821-7F6920595254}.Release|x86.Build.0 = Release|Any CPU
		{225010C3-9390-4FEF-BADF-47F7550E3E6C}.Debug|Any CPU.ActiveCfg = Debug|Any CPU
		{225010C3-9390-4FEF-BADF-47F7550E3E6C}.Debug|Any CPU.Build.0 = Debug|Any CPU
		{225010C3-9390-4FEF-BADF-47F7550E3E6C}.Debug|x64.ActiveCfg = Debug|Any CPU
		{225010C3-9390-4FEF-BADF-47F7550E3E6C}.Debug|x64.Build.0 = Debug|Any CPU
		{225010C3-9390-4FEF-BADF-47F7550E3E6C}.Debug|x86.ActiveCfg = Debug|Any CPU
		{225010C3-9390-4FEF-BADF-47F7550E3E6C}.Debug|x86.Build.0 = Debug|Any CPU
		{225010C3-9390-4FEF-BADF-47F7550E3E6C}.Release|Any CPU.ActiveCfg = Release|Any CPU
		{225010C3-9390-4FEF-BADF-47F7550E3E6C}.Release|Any CPU.Build.0 = Release|Any CPU
		{225010C3-9390-4FEF-BADF-47F7550E3E6C}.Release|x64.ActiveCfg = Release|Any CPU
		{225010C3-9390-4FEF-BADF-47F7550E3E6C}.Release|x64.Build.0 = Release|Any CPU
		{225010C3-9390-4FEF-BADF-47F7550E3E6C}.Release|x86.ActiveCfg = Release|Any CPU
		{225010C3-9390-4FEF-BADF-47F7550E3E6C}.Release|x86.Build.0 = Release|Any CPU
		{299830AF-9048-47F5-9307-A6C9C868327A}.Debug|Any CPU.ActiveCfg = Debug|Any CPU
		{299830AF-9048-47F5-9307-A6C9C868327A}.Debug|Any CPU.Build.0 = Debug|Any CPU
		{299830AF-9048-47F5-9307-A6C9C868327A}.Debug|x64.ActiveCfg = Debug|Any CPU
		{299830AF-9048-47F5-9307-A6C9C868327A}.Debug|x64.Build.0 = Debug|Any CPU
		{299830AF-9048-47F5-9307-A6C9C868327A}.Debug|x86.ActiveCfg = Debug|Any CPU
		{299830AF-9048-47F5-9307-A6C9C868327A}.Debug|x86.Build.0 = Debug|Any CPU
		{299830AF-9048-47F5-9307-A6C9C868327A}.Release|Any CPU.ActiveCfg = Release|Any CPU
		{299830AF-9048-47F5-9307-A6C9C868327A}.Release|Any CPU.Build.0 = Release|Any CPU
		{299830AF-9048-47F5-9307-A6C9C868327A}.Release|x64.ActiveCfg = Release|Any CPU
		{299830AF-9048-47F5-9307-A6C9C868327A}.Release|x64.Build.0 = Release|Any CPU
		{299830AF-9048-47F5-9307-A6C9C868327A}.Release|x86.ActiveCfg = Release|Any CPU
		{299830AF-9048-47F5-9307-A6C9C868327A}.Release|x86.Build.0 = Release|Any CPU
	EndGlobalSection
	GlobalSection(SolutionProperties) = preSolution
		HideSolutionNode = FALSE
	EndGlobalSection
	GlobalSection(NestedProjects) = preSolution
		{B95409F0-FD8B-5589-5675-5F92F2CDFCEB} = {B8EFCA5F-814F-285C-A8CB-F00F14650265}
		{5720CFCA-C98B-4278-82F4-322EB149F5DF} = {B95409F0-FD8B-5589-5675-5F92F2CDFCEB}
		{9D51A9DC-D962-4B97-908B-7EEDA1BA9B8B} = {B95409F0-FD8B-5589-5675-5F92F2CDFCEB}
		{F015702C-1482-4526-B75B-DCABA615F5C5} = {B95409F0-FD8B-5589-5675-5F92F2CDFCEB}
		{201B9398-7CDD-D1F4-20D0-4B450101E3A9} = {B8EFCA5F-814F-285C-A8CB-F00F14650265}
		{D85B62B7-0554-4C8D-B821-7F6920595254} = {201B9398-7CDD-D1F4-20D0-4B450101E3A9}
		{225010C3-9390-4FEF-BADF-47F7550E3E6C} = {201B9398-7CDD-D1F4-20D0-4B450101E3A9}
		{299830AF-9048-47F5-9307-A6C9C868327A} = {201B9398-7CDD-D1F4-20D0-4B450101E3A9}
	EndGlobalSection
EndGlobal
