
Microsoft Visual Studio Solution File, Format Version 12.00
# Visual Studio 15
VisualStudioVersion = 15.0.26124.0
MinimumVisualStudioVersion = 15.0.26124.0
Project("{2150E333-8FDC-42A3-9474-1A3956D46DE8}") = "Source", "Source", "{E7D03659-5D64-448D-A692-987C9C824C39}"
EndProject
Project("{FAE04EC0-301F-11D3-BF4B-00C04F79EFBC}") = "AlumniBackendServices", "Source\AlumniBackendServices\AlumniBackendServices.csproj", "{306D6E05-2C38-4CC4-AD84-DCB10212C647}"
EndProject
Project("{FAE04EC0-301F-11D3-BF4B-00C04F79EFBC}") = "Core", "Source\Core\Core.csproj", "{92D3D712-9041-42CD-9EC6-BCB33676DD86}"
EndProject
Project("{FAE04EC0-301F-11D3-BF4B-00C04F79EFBC}") = "Database", "Source\Database\Database.csproj", "{AC041170-C863-42DB-9AC1-CA6E775421DC}"
EndProject
Project("{FAE04EC0-301F-11D3-BF4B-00C04F79EFBC}") = "Infrastructure", "Source\Infrastructure\Infrastructure.csproj", "{44ED9266-8F5F-4FB2-88A7-57311A2F0E76}"
EndProject
Project("{FAE04EC0-301F-11D3-BF4B-00C04F79EFBC}") = "ProxyApp", "Source\ProxyApp\ProxyApp.csproj", "{F6719D60-71DA-49E7-BE68-CD3094A1FD19}"
EndProject
Global
	GlobalSection(SolutionConfigurationPlatforms) = preSolution
		Debug|Any CPU = Debug|Any CPU
		Debug|x64 = Debug|x64
		Debug|x86 = Debug|x86
		Release|Any CPU = Release|Any CPU
		Release|x64 = Release|x64
		Release|x86 = Release|x86
	EndGlobalSection
	GlobalSection(SolutionProperties) = preSolution
		HideSolutionNode = FALSE
	EndGlobalSection
	GlobalSection(ProjectConfigurationPlatforms) = postSolution
		{306D6E05-2C38-4CC4-AD84-DCB10212C647}.Debug|Any CPU.ActiveCfg = Debug|Any CPU
		{306D6E05-2C38-4CC4-AD84-DCB10212C647}.Debug|Any CPU.Build.0 = Debug|Any CPU
		{306D6E05-2C38-4CC4-AD84-DCB10212C647}.Debug|x64.ActiveCfg = Debug|Any CPU
		{306D6E05-2C38-4CC4-AD84-DCB10212C647}.Debug|x64.Build.0 = Debug|Any CPU
		{306D6E05-2C38-4CC4-AD84-DCB10212C647}.Debug|x86.ActiveCfg = Debug|Any CPU
		{306D6E05-2C38-4CC4-AD84-DCB10212C647}.Debug|x86.Build.0 = Debug|Any CPU
		{306D6E05-2C38-4CC4-AD84-DCB10212C647}.Release|Any CPU.ActiveCfg = Release|Any CPU
		{306D6E05-2C38-4CC4-AD84-DCB10212C647}.Release|Any CPU.Build.0 = Release|Any CPU
		{306D6E05-2C38-4CC4-AD84-DCB10212C647}.Release|x64.ActiveCfg = Release|Any CPU
		{306D6E05-2C38-4CC4-AD84-DCB10212C647}.Release|x64.Build.0 = Release|Any CPU
		{306D6E05-2C38-4CC4-AD84-DCB10212C647}.Release|x86.ActiveCfg = Release|Any CPU
		{306D6E05-2C38-4CC4-AD84-DCB10212C647}.Release|x86.Build.0 = Release|Any CPU
		{92D3D712-9041-42CD-9EC6-BCB33676DD86}.Debug|Any CPU.ActiveCfg = Debug|Any CPU
		{92D3D712-9041-42CD-9EC6-BCB33676DD86}.Debug|Any CPU.Build.0 = Debug|Any CPU
		{92D3D712-9041-42CD-9EC6-BCB33676DD86}.Debug|x64.ActiveCfg = Debug|Any CPU
		{92D3D712-9041-42CD-9EC6-BCB33676DD86}.Debug|x64.Build.0 = Debug|Any CPU
		{92D3D712-9041-42CD-9EC6-BCB33676DD86}.Debug|x86.ActiveCfg = Debug|Any CPU
		{92D3D712-9041-42CD-9EC6-BCB33676DD86}.Debug|x86.Build.0 = Debug|Any CPU
		{92D3D712-9041-42CD-9EC6-BCB33676DD86}.Release|Any CPU.ActiveCfg = Release|Any CPU
		{92D3D712-9041-42CD-9EC6-BCB33676DD86}.Release|Any CPU.Build.0 = Release|Any CPU
		{92D3D712-9041-42CD-9EC6-BCB33676DD86}.Release|x64.ActiveCfg = Release|Any CPU
		{92D3D712-9041-42CD-9EC6-BCB33676DD86}.Release|x64.Build.0 = Release|Any CPU
		{92D3D712-9041-42CD-9EC6-BCB33676DD86}.Release|x86.ActiveCfg = Release|Any CPU
		{92D3D712-9041-42CD-9EC6-BCB33676DD86}.Release|x86.Build.0 = Release|Any CPU
		{AC041170-C863-42DB-9AC1-CA6E775421DC}.Debug|Any CPU.ActiveCfg = Debug|Any CPU
		{AC041170-C863-42DB-9AC1-CA6E775421DC}.Debug|Any CPU.Build.0 = Debug|Any CPU
		{AC041170-C863-42DB-9AC1-CA6E775421DC}.Debug|x64.ActiveCfg = Debug|Any CPU
		{AC041170-C863-42DB-9AC1-CA6E775421DC}.Debug|x64.Build.0 = Debug|Any CPU
		{AC041170-C863-42DB-9AC1-CA6E775421DC}.Debug|x86.ActiveCfg = Debug|Any CPU
		{AC041170-C863-42DB-9AC1-CA6E775421DC}.Debug|x86.Build.0 = Debug|Any CPU
		{AC041170-C863-42DB-9AC1-CA6E775421DC}.Release|Any CPU.ActiveCfg = Release|Any CPU
		{AC041170-C863-42DB-9AC1-CA6E775421DC}.Release|Any CPU.Build.0 = Release|Any CPU
		{AC041170-C863-42DB-9AC1-CA6E775421DC}.Release|x64.ActiveCfg = Release|Any CPU
		{AC041170-C863-42DB-9AC1-CA6E775421DC}.Release|x64.Build.0 = Release|Any CPU
		{AC041170-C863-42DB-9AC1-CA6E775421DC}.Release|x86.ActiveCfg = Release|Any CPU
		{AC041170-C863-42DB-9AC1-CA6E775421DC}.Release|x86.Build.0 = Release|Any CPU
		{44ED9266-8F5F-4FB2-88A7-57311A2F0E76}.Debug|Any CPU.ActiveCfg = Debug|Any CPU
		{44ED9266-8F5F-4FB2-88A7-57311A2F0E76}.Debug|Any CPU.Build.0 = Debug|Any CPU
		{44ED9266-8F5F-4FB2-88A7-57311A2F0E76}.Debug|x64.ActiveCfg = Debug|Any CPU
		{44ED9266-8F5F-4FB2-88A7-57311A2F0E76}.Debug|x64.Build.0 = Debug|Any CPU
		{44ED9266-8F5F-4FB2-88A7-57311A2F0E76}.Debug|x86.ActiveCfg = Debug|Any CPU
		{44ED9266-8F5F-4FB2-88A7-57311A2F0E76}.Debug|x86.Build.0 = Debug|Any CPU
		{44ED9266-8F5F-4FB2-88A7-57311A2F0E76}.Release|Any CPU.ActiveCfg = Release|Any CPU
		{44ED9266-8F5F-4FB2-88A7-57311A2F0E76}.Release|Any CPU.Build.0 = Release|Any CPU
		{44ED9266-8F5F-4FB2-88A7-57311A2F0E76}.Release|x64.ActiveCfg = Release|Any CPU
		{44ED9266-8F5F-4FB2-88A7-57311A2F0E76}.Release|x64.Build.0 = Release|Any CPU
		{44ED9266-8F5F-4FB2-88A7-57311A2F0E76}.Release|x86.ActiveCfg = Release|Any CPU
		{44ED9266-8F5F-4FB2-88A7-57311A2F0E76}.Release|x86.Build.0 = Release|Any CPU
		{F6719D60-71DA-49E7-BE68-CD3094A1FD19}.Debug|Any CPU.ActiveCfg = Debug|Any CPU
		{F6719D60-71DA-49E7-BE68-CD3094A1FD19}.Debug|Any CPU.Build.0 = Debug|Any CPU
		{F6719D60-71DA-49E7-BE68-CD3094A1FD19}.Debug|x64.ActiveCfg = Debug|Any CPU
		{F6719D60-71DA-49E7-BE68-CD3094A1FD19}.Debug|x64.Build.0 = Debug|Any CPU
		{F6719D60-71DA-49E7-BE68-CD3094A1FD19}.Debug|x86.ActiveCfg = Debug|Any CPU
		{F6719D60-71DA-49E7-BE68-CD3094A1FD19}.Debug|x86.Build.0 = Debug|Any CPU
		{F6719D60-71DA-49E7-BE68-CD3094A1FD19}.Release|Any CPU.ActiveCfg = Release|Any CPU
		{F6719D60-71DA-49E7-BE68-CD3094A1FD19}.Release|Any CPU.Build.0 = Release|Any CPU
		{F6719D60-71DA-49E7-BE68-CD3094A1FD19}.Release|x64.ActiveCfg = Release|Any CPU
		{F6719D60-71DA-49E7-BE68-CD3094A1FD19}.Release|x64.Build.0 = Release|Any CPU
		{F6719D60-71DA-49E7-BE68-CD3094A1FD19}.Release|x86.ActiveCfg = Release|Any CPU
		{F6719D60-71DA-49E7-BE68-CD3094A1FD19}.Release|x86.Build.0 = Release|Any CPU
	EndGlobalSection
	GlobalSection(NestedProjects) = preSolution
		{306D6E05-2C38-4CC4-AD84-DCB10212C647} = {E7D03659-5D64-448D-A692-987C9C824C39}
		{92D3D712-9041-42CD-9EC6-BCB33676DD86} = {E7D03659-5D64-448D-A692-987C9C824C39}
		{AC041170-C863-42DB-9AC1-CA6E775421DC} = {E7D03659-5D64-448D-A692-987C9C824C39}
		{44ED9266-8F5F-4FB2-88A7-57311A2F0E76} = {E7D03659-5D64-448D-A692-987C9C824C39}
		{F6719D60-71DA-49E7-BE68-CD3094A1FD19} = {E7D03659-5D64-448D-A692-987C9C824C39}
	EndGlobalSection
EndGlobal
