<Solution>
  <Configurations>
    <Platform Name="Any CPU" />
    <Platform Name="x64" />
    <Platform Name="x86" />
  </Configurations>
  <Folder Name="/Source/" />
  <Folder Name="/Source/Apps/">
    <Project Path="Source/Apps/Alumni.Api/Alumni.Api.csproj" />
  </Folder>
  <Folder Name="/Source/Libraries/">
    <Project Path="Source/Libraries/Alumni.Auth/Alumni.Auth.csproj" />
    <Project Path="Source/Libraries/Core/Core.csproj" />
    <Project Path="Source/Libraries/Infrastructure/Infrastructure.csproj" />
    <Project Path="Source/Libraries/Alumni.Student/Alumni.Student.csproj" />
    <Project Path="Source/Libraries/Alumni.Faculty/Alumni.Faculty.csproj" />
    <Project Path="Source/Libraries/Generators/Generators.csproj" />
  </Folder>
  <Folder Name="/Tests/">
    <Project Path="Tests/Alumni.Api.UnitTests/Alumni.Api.UnitTests.csproj" />
    <Project Path="Tests/Alumni.Student.UnitTests/Alumni.Student.UnitTests.csproj" />
    <Project Path="Tests/Alumni.Faculty.UnitTests/Alumni.Faculty.UnitTests.csproj" />
    <Project Path="Tests/Core.UnitTests/Core.UnitTests.csproj" />
    <Project Path="Tests/Generators.UnitTests/Generators.UnitTests.csproj" />
  </Folder>
</Solution>
